
Microsoft Visual Studio Solution File, Format Version 12.00
# Visual Studio Version 17
VisualStudioVersion = 17.4.33205.214
MinimumVisualStudioVersion = 10.0.40219.1
Project("{8BC9CEB8-8B4A-11D0-8D11-00A0C91BC942}") = "2628", "2628\2628.vcxproj", "{CEACA8F4-A678-420C-A4BC-C495A04572A9}"
EndProject
Global
	GlobalSection(SolutionConfigurationPlatforms) = preSolution
		Debug|x64 = Debug|x64
		Debug|x86 = Debug|x86
		Release|x64 = Release|x64
		Release|x86 = Release|x86
	EndGlobalSection
	GlobalSection(ProjectConfigurationPlatforms) = postSolution
		{CEACA8F4-A678-420C-A4BC-C495A04572A9}.Debug|x64.ActiveCfg = Debug|x64
		{CEACA8F4-A678-420C-A4BC-C495A04572A9}.Debug|x64.Build.0 = Debug|x64
		{CEACA8F4-A678-420C-A4BC-C495A04572A9}.Debug|x86.ActiveCfg = Debug|Win32
		{CEACA8F4-A678-420C-A4BC-C495A04572A9}.Debug|x86.Build.0 = Debug|Win32
		{CEACA8F4-A678-420C-A4BC-C495A04572A9}.Release|x64.ActiveCfg = Release|x64
		{CEACA8F4-A678-420C-A4BC-C495A04572A9}.Release|x64.Build.0 = Release|x64
		{CEACA8F4-A678-420C-A4BC-C495A04572A9}.Release|x86.ActiveCfg = Release|Win32
		{CEACA8F4-A678-420C-A4BC-C495A04572A9}.Release|x86.Build.0 = Release|Win32
	EndGlobalSection
	GlobalSection(SolutionProperties) = preSolution
		HideSolutionNode = FALSE
	EndGlobalSection
	GlobalSection(ExtensibilityGlobals) = postSolution
		SolutionGuid = {E49795EF-9567-4D90-89B9-BB198CF318F0}
	EndGlobalSection
EndGlobal
